
Microsoft Visual Studio Solution File, Format Version 12.00
# Visual Studio 15
VisualStudioVersion = 15.0.28307.168
MinimumVisualStudioVersion = 10.0.40219.1
Project("{8BC9CEB8-8B4A-11D0-8D11-00A0C91BC942}") = "PI_Proiect", "PI_Proiect\PI_Proiect.vcxproj", "{A434B1E4-6F54-495E-900D-5D08D81E42CD}"
EndProject
Global
	GlobalSection(SolutionConfigurationPlatforms) = preSolution
		Debug|x64 = Debug|x64
		Debug|x86 = Debug|x86
		Release|x64 = Release|x64
		Release|x86 = Release|x86
	EndGlobalSection
	GlobalSection(ProjectConfigurationPlatforms) = postSolution
		{A434B1E4-6F54-495E-900D-5D08D81E42CD}.Debug|x64.ActiveCfg = Debug|x64
		{A434B1E4-6F54-495E-900D-5D08D81E42CD}.Debug|x64.Build.0 = Debug|x64
		{A434B1E4-6F54-495E-900D-5D08D81E42CD}.Debug|x86.ActiveCfg = Debug|Win32
		{A434B1E4-6F54-495E-900D-5D08D81E42CD}.Debug|x86.Build.0 = Debug|Win32
		{A434B1E4-6F54-495E-900D-5D08D81E42CD}.Release|x64.ActiveCfg = Release|x64
		{A434B1E4-6F54-495E-900D-5D08D81E42CD}.Release|x64.Build.0 = Release|x64
		{A434B1E4-6F54-495E-900D-5D08D81E42CD}.Release|x86.ActiveCfg = Release|Win32
		{A434B1E4-6F54-495E-900D-5D08D81E42CD}.Release|x86.Build.0 = Release|Win32
	EndGlobalSection
	GlobalSection(SolutionProperties) = preSolution
		HideSolutionNode = FALSE
	EndGlobalSection
	GlobalSection(ExtensibilityGlobals) = postSolution
		SolutionGuid = {14CE7B57-C3A1-4304-B6D3-F6F405CC806A}
	EndGlobalSection
EndGlobal
